
Microsoft Visual Studio Solution File, Format Version 12.00
# Visual Studio 14
VisualStudioVersion = 14.0.23107.0
MinimumVisualStudioVersion = 10.0.40219.1
Project("{FAE04EC0-301F-11D3-BF4B-00C04F79EFBC}") = "FizzBuzzApplication", "FizzBuzzApplication\FizzBuzzApplication.csproj", "{A9183968-BE52-490C-BD33-8D8C6AE56AB6}"
EndProject
Project("{FAE04EC0-301F-11D3-BF4B-00C04F79EFBC}") = "OtherApplication", "OtherApplication\OtherApplication.csproj", "{7B51FE44-FA30-4EEF-B3C7-1EDE948042AC}"
EndProject
Project("{FAE04EC0-301F-11D3-BF4B-00C04F79EFBC}") = "FizzBuzzTests", "FizzBuzzTests\FizzBuzzTests.csproj", "{351993CE-4474-4A2D-B50F-228DBBD7DC50}"
EndProject
Global
	GlobalSection(SolutionConfigurationPlatforms) = preSolution
		Debug|Any CPU = Debug|Any CPU
		Release|Any CPU = Release|Any CPU
	EndGlobalSection
	GlobalSection(ProjectConfigurationPlatforms) = postSolution
		{A9183968-BE52-490C-BD33-8D8C6AE56AB6}.Debug|Any CPU.ActiveCfg = Debug|Any CPU
		{A9183968-BE52-490C-BD33-8D8C6AE56AB6}.Debug|Any CPU.Build.0 = Debug|Any CPU
		{A9183968-BE52-490C-BD33-8D8C6AE56AB6}.Release|Any CPU.ActiveCfg = Release|Any CPU
		{A9183968-BE52-490C-BD33-8D8C6AE56AB6}.Release|Any CPU.Build.0 = Release|Any CPU
		{7B51FE44-FA30-4EEF-B3C7-1EDE948042AC}.Debug|Any CPU.ActiveCfg = Debug|Any CPU
		{7B51FE44-FA30-4EEF-B3C7-1EDE948042AC}.Debug|Any CPU.Build.0 = Debug|Any CPU
		{7B51FE44-FA30-4EEF-B3C7-1EDE948042AC}.Release|Any CPU.ActiveCfg = Release|Any CPU
		{7B51FE44-FA30-4EEF-B3C7-1EDE948042AC}.Release|Any CPU.Build.0 = Release|Any CPU
		{351993CE-4474-4A2D-B50F-228DBBD7DC50}.Debug|Any CPU.ActiveCfg = Debug|Any CPU
		{351993CE-4474-4A2D-B50F-228DBBD7DC50}.Debug|Any CPU.Build.0 = Debug|Any CPU
		{351993CE-4474-4A2D-B50F-228DBBD7DC50}.Release|Any CPU.ActiveCfg = Release|Any CPU
		{351993CE-4474-4A2D-B50F-228DBBD7DC50}.Release|Any CPU.Build.0 = Release|Any CPU
	EndGlobalSection
	GlobalSection(SolutionProperties) = preSolution
		HideSolutionNode = FALSE
	EndGlobalSection
EndGlobal
